PODS:
  - ACCKit (1.0.0)
  - FBSnapshotTestCase (2.1.4):
    - FBSnapshotTestCase/SwiftSupport (= 2.1.4)
  - FBSnapshotTestCase/Core (2.1.4)
  - FBSnapshotTestCase/SwiftSupport (2.1.4):
    - FBSnapshotTestCase/Core

DEPENDENCIES:
  - ACCKit (from `../`)
  - FBSnapshotTestCase

SPEC REPOS:
  trunk:
    - FBSnapshotTestCase

EXTERNAL SOURCES:
  ACCKit:
    :path: "../"

SPEC CHECKSUMS:
  ACCKit: 376b88164cacbc8ef178707fef23492b82d3bd15
  FBSnapshotTestCase: 094f9f314decbabe373b87cc339bea235a63e07a

PODFILE CHECKSUM: 33e31d33f5e08c70dbf76439102ded692aa35a65

COCOAPODS: 1.10.1
