PODS:
  - ACCKit (1.0.0)
  - FBSnapshotTestCase (2.1.4):
    - FBSnapshotTestCase/SwiftSupport (= 2.1.4)
  - FBSnapshotTestCase/Core (2.1.4)
  - FBSnapshotTestCase/SwiftSupport (2.1.4):
    - FBSnapshotTestCase/Core

DEPENDENCIES:
  - ACCKit
  - FBSnapshotTestCase

SPEC REPOS:
  https://github.com/cocoapods/specs.git:
    - ACCKit
    - FBSnapshotTestCase

SPEC CHECKSUMS:
  ACCKit: a654c2cd28fc8c0e21980b6f0230ba7c9f4a3126
  FBSnapshotTestCase: 094f9f314decbabe373b87cc339bea235a63e07a

PODFILE CHECKSUM: 6f5e69dfaf60d6756399a5ffc1dfe3daaffa80c7

COCOAPODS: 1.5.3
