PODS:
  - ACCKit (1.0.1):
    - TPCircularBuffer (= 1.6.1)
  - FBSnapshotTestCase (2.1.4):
    - FBSnapshotTestCase/SwiftSupport (= 2.1.4)
  - FBSnapshotTestCase/Core (2.1.4)
  - FBSnapshotTestCase/SwiftSupport (2.1.4):
    - FBSnapshotTestCase/Core
  - TPCircularBuffer (1.6.1)

DEPENDENCIES:
  - ACCKit (from `../`)
  - FBSnapshotTestCase

SPEC REPOS:
  trunk:
    - FBSnapshotTestCase
    - TPCircularBuffer

EXTERNAL SOURCES:
  ACCKit:
    :path: "../"

SPEC CHECKSUMS:
  ACCKit: a996adec279a0777429d325b0f6f76396b69bc3c
  FBSnapshotTestCase: 094f9f314decbabe373b87cc339bea235a63e07a
  TPCircularBuffer: c13243556527551c4d320709c7b14a6d20cdc30a

PODFILE CHECKSUM: b7ed2d8896a571e6e6ac8f1abef699127194f822

COCOAPODS: 1.10.1
